
Microsoft Visual Studio Solution File, Format Version 12.00
Project("{2150E333-8FDC-42A3-9474-1A3956D46DE8}") = "src", "src", "{32A20272-5702-45C0-8807-A93CF84C4A5D}"
EndProject
Project("{2150E333-8FDC-42A3-9474-1A3956D46DE8}") = "test", "test", "{B34D853C-D890-4757-8C59-39318537D393}"
	ProjectSection(SolutionItems) = preProject
		Class1.cs = Class1.cs
	EndProjectSection
EndProject
Project("{2150E333-8FDC-42A3-9474-1A3956D46DE8}") = "API", "API", "{71ACB11F-5535-4740-928B-2ECF47888CE3}"
EndProject
Project("{2150E333-8FDC-42A3-9474-1A3956D46DE8}") = "Core", "Core", "{7E88D1ED-9A66-4195-B167-018D4103B254}"
EndProject
Project("{2150E333-8FDC-42A3-9474-1A3956D46DE8}") = "Infrastructure", "Infrastructure", "{EF5F8499-F4DF-4BB7-8DCD-32E6BF1E64E9}"
EndProject
Project("{2150E333-8FDC-42A3-9474-1A3956D46DE8}") = "UI", "UI", "{2BC9BBE9-6C09-41A3-989C-7519A643A353}"
EndProject
Project("{FAE04EC0-301F-11D3-BF4B-00C04F79EFBC}") = "HR.LeaveManagement.Domain", "HR.LeaveManagement.Domain\HR.LeaveManagement.Domain.csproj", "{45D7F685-25BB-4BFE-80C9-7DAAFF4A3FBA}"
EndProject
Project("{FAE04EC0-301F-11D3-BF4B-00C04F79EFBC}") = "HR.LeaveManagement.Application", "HR.LeaveManagement.Application\HR.LeaveManagement.Application.csproj", "{FE7AF52C-7E72-412E-98B8-C781041603DE}"
EndProject
Project("{FAE04EC0-301F-11D3-BF4B-00C04F79EFBC}") = "HR.LeaveManagement.Persistence", "HR.LeaveManagement.Persistence\HR.LeaveManagement.Persistence.csproj", "{9C2E3C57-7965-48C3-9D4F-1F610E923DDD}"
EndProject
Project("{FAE04EC0-301F-11D3-BF4B-00C04F79EFBC}") = "HR.LeaveManagement.Infrastructure", "HR.LeaveManagement.Infrastructure\HR.LeaveManagement.Infrastructure.csproj", "{44FF731F-7685-4A7F-92F9-3715D3874CA8}"
EndProject
Project("{FAE04EC0-301F-11D3-BF4B-00C04F79EFBC}") = "HR.LeaveManagement.Api", "HR.LeaveManagement.Api\HR.LeaveManagement.Api.csproj", "{D82F4586-D1F3-4FDC-AEA3-F8CE04A6924B}"
EndProject
Project("{FAE04EC0-301F-11D3-BF4B-00C04F79EFBC}") = "HR.LeaveManagement.Application.UnitTests", "HR.LeaveManagement.Application.UnitTests\HR.LeaveManagement.Application.UnitTests.csproj", "{7CB5031D-285A-44D6-91DB-491AF3EA81A6}"
EndProject
Global
	GlobalSection(SolutionConfigurationPlatforms) = preSolution
		Debug|Any CPU = Debug|Any CPU
		Release|Any CPU = Release|Any CPU
	EndGlobalSection
	GlobalSection(NestedProjects) = preSolution
		{71ACB11F-5535-4740-928B-2ECF47888CE3} = {32A20272-5702-45C0-8807-A93CF84C4A5D}
		{7E88D1ED-9A66-4195-B167-018D4103B254} = {32A20272-5702-45C0-8807-A93CF84C4A5D}
		{EF5F8499-F4DF-4BB7-8DCD-32E6BF1E64E9} = {32A20272-5702-45C0-8807-A93CF84C4A5D}
		{2BC9BBE9-6C09-41A3-989C-7519A643A353} = {32A20272-5702-45C0-8807-A93CF84C4A5D}
		{45D7F685-25BB-4BFE-80C9-7DAAFF4A3FBA} = {7E88D1ED-9A66-4195-B167-018D4103B254}
		{FE7AF52C-7E72-412E-98B8-C781041603DE} = {7E88D1ED-9A66-4195-B167-018D4103B254}
		{9C2E3C57-7965-48C3-9D4F-1F610E923DDD} = {EF5F8499-F4DF-4BB7-8DCD-32E6BF1E64E9}
		{44FF731F-7685-4A7F-92F9-3715D3874CA8} = {EF5F8499-F4DF-4BB7-8DCD-32E6BF1E64E9}
		{D82F4586-D1F3-4FDC-AEA3-F8CE04A6924B} = {71ACB11F-5535-4740-928B-2ECF47888CE3}
		{7CB5031D-285A-44D6-91DB-491AF3EA81A6} = {B34D853C-D890-4757-8C59-39318537D393}
	EndGlobalSection
	GlobalSection(ProjectConfigurationPlatforms) = postSolution
		{45D7F685-25BB-4BFE-80C9-7DAAFF4A3FBA}.Debug|Any CPU.ActiveCfg = Debug|Any CPU
		{45D7F685-25BB-4BFE-80C9-7DAAFF4A3FBA}.Debug|Any CPU.Build.0 = Debug|Any CPU
		{45D7F685-25BB-4BFE-80C9-7DAAFF4A3FBA}.Release|Any CPU.ActiveCfg = Release|Any CPU
		{45D7F685-25BB-4BFE-80C9-7DAAFF4A3FBA}.Release|Any CPU.Build.0 = Release|Any CPU
		{FE7AF52C-7E72-412E-98B8-C781041603DE}.Debug|Any CPU.ActiveCfg = Debug|Any CPU
		{FE7AF52C-7E72-412E-98B8-C781041603DE}.Debug|Any CPU.Build.0 = Debug|Any CPU
		{FE7AF52C-7E72-412E-98B8-C781041603DE}.Release|Any CPU.ActiveCfg = Release|Any CPU
		{FE7AF52C-7E72-412E-98B8-C781041603DE}.Release|Any CPU.Build.0 = Release|Any CPU
		{9C2E3C57-7965-48C3-9D4F-1F610E923DDD}.Debug|Any CPU.ActiveCfg = Debug|Any CPU
		{9C2E3C57-7965-48C3-9D4F-1F610E923DDD}.Debug|Any CPU.Build.0 = Debug|Any CPU
		{9C2E3C57-7965-48C3-9D4F-1F610E923DDD}.Release|Any CPU.ActiveCfg = Release|Any CPU
		{9C2E3C57-7965-48C3-9D4F-1F610E923DDD}.Release|Any CPU.Build.0 = Release|Any CPU
		{44FF731F-7685-4A7F-92F9-3715D3874CA8}.Debug|Any CPU.ActiveCfg = Debug|Any CPU
		{44FF731F-7685-4A7F-92F9-3715D3874CA8}.Debug|Any CPU.Build.0 = Debug|Any CPU
		{44FF731F-7685-4A7F-92F9-3715D3874CA8}.Release|Any CPU.ActiveCfg = Release|Any CPU
		{44FF731F-7685-4A7F-92F9-3715D3874CA8}.Release|Any CPU.Build.0 = Release|Any CPU
		{D82F4586-D1F3-4FDC-AEA3-F8CE04A6924B}.Debug|Any CPU.ActiveCfg = Debug|Any CPU
		{D82F4586-D1F3-4FDC-AEA3-F8CE04A6924B}.Debug|Any CPU.Build.0 = Debug|Any CPU
		{D82F4586-D1F3-4FDC-AEA3-F8CE04A6924B}.Release|Any CPU.ActiveCfg = Release|Any CPU
		{D82F4586-D1F3-4FDC-AEA3-F8CE04A6924B}.Release|Any CPU.Build.0 = Release|Any CPU
		{7CB5031D-285A-44D6-91DB-491AF3EA81A6}.Debug|Any CPU.ActiveCfg = Debug|Any CPU
		{7CB5031D-285A-44D6-91DB-491AF3EA81A6}.Debug|Any CPU.Build.0 = Debug|Any CPU
		{7CB5031D-285A-44D6-91DB-491AF3EA81A6}.Release|Any CPU.ActiveCfg = Release|Any CPU
		{7CB5031D-285A-44D6-91DB-491AF3EA81A6}.Release|Any CPU.Build.0 = Release|Any CPU
	EndGlobalSection
EndGlobal
